
Microsoft Visual Studio Solution File, Format Version 12.00
# Visual Studio Version 16
VisualStudioVersion = 16.0.29509.3
MinimumVisualStudioVersion = 10.0.40219.1
Project("{FAE04EC0-301F-11D3-BF4B-00C04F79EFBC}") = "ConsoleApp17", "ConsoleApp17.csproj", "{1C62098D-4696-4572-B96E-29AED146DB4C}"
EndProject
Global
	GlobalSection(SolutionConfigurationPlatforms) = preSolution
		Debug|Any CPU = Debug|Any CPU
		Release|Any CPU = Release|Any CPU
	EndGlobalSection
	GlobalSection(ProjectConfigurationPlatforms) = postSolution
		{1C62098D-4696-4572-B96E-29AED146DB4C}.Debug|Any CPU.ActiveCfg = Debug|Any CPU
		{1C62098D-4696-4572-B96E-29AED146DB4C}.Debug|Any CPU.Build.0 = Debug|Any CPU
		{1C62098D-4696-4572-B96E-29AED146DB4C}.Release|Any CPU.ActiveCfg = Release|Any CPU
		{1C62098D-4696-4572-B96E-29AED146DB4C}.Release|Any CPU.Build.0 = Release|Any CPU
	EndGlobalSection
	GlobalSection(SolutionProperties) = preSolution
		HideSolutionNode = FALSE
	EndGlobalSection
	GlobalSection(ExtensibilityGlobals) = postSolution
		SolutionGuid = {29546146-2584-4B75-88B6-D1F6538D3CD3}
	EndGlobalSection
EndGlobal
