
Microsoft Visual Studio Solution File, Format Version 12.00
# Visual Studio Version 16
VisualStudioVersion = 16.0.29509.3
MinimumVisualStudioVersion = 10.0.40219.1
Project("{FAE04EC0-301F-11D3-BF4B-00C04F79EFBC}") = "ConsoleApp16", "ConsoleApp16.csproj", "{33176934-58ED-4140-A360-45BC64525102}"
EndProject
Global
	GlobalSection(SolutionConfigurationPlatforms) = preSolution
		Debug|Any CPU = Debug|Any CPU
		Release|Any CPU = Release|Any CPU
	EndGlobalSection
	GlobalSection(ProjectConfigurationPlatforms) = postSolution
		{33176934-58ED-4140-A360-45BC64525102}.Debug|Any CPU.ActiveCfg = Debug|Any CPU
		{33176934-58ED-4140-A360-45BC64525102}.Debug|Any CPU.Build.0 = Debug|Any CPU
		{33176934-58ED-4140-A360-45BC64525102}.Release|Any CPU.ActiveCfg = Release|Any CPU
		{33176934-58ED-4140-A360-45BC64525102}.Release|Any CPU.Build.0 = Release|Any CPU
	EndGlobalSection
	GlobalSection(SolutionProperties) = preSolution
		HideSolutionNode = FALSE
	EndGlobalSection
	GlobalSection(ExtensibilityGlobals) = postSolution
		SolutionGuid = {EB55D1F6-8E4B-4664-8900-4B026F694790}
	EndGlobalSection
EndGlobal
