
Microsoft Visual Studio Solution File, Format Version 12.00
# Visual Studio Version 16
VisualStudioVersion = 16.0.29509.3
MinimumVisualStudioVersion = 10.0.40219.1
Project("{FAE04EC0-301F-11D3-BF4B-00C04F79EFBC}") = "ArrrayList1", "ArrrayList1.csproj", "{175DC948-53D2-4574-930F-D760DB18EDB5}"
EndProject
Global
	GlobalSection(SolutionConfigurationPlatforms) = preSolution
		Debug|Any CPU = Debug|Any CPU
		Release|Any CPU = Release|Any CPU
	EndGlobalSection
	GlobalSection(ProjectConfigurationPlatforms) = postSolution
		{175DC948-53D2-4574-930F-D760DB18EDB5}.Debug|Any CPU.ActiveCfg = Debug|Any CPU
		{175DC948-53D2-4574-930F-D760DB18EDB5}.Debug|Any CPU.Build.0 = Debug|Any CPU
		{175DC948-53D2-4574-930F-D760DB18EDB5}.Release|Any CPU.ActiveCfg = Release|Any CPU
		{175DC948-53D2-4574-930F-D760DB18EDB5}.Release|Any CPU.Build.0 = Release|Any CPU
	EndGlobalSection
	GlobalSection(SolutionProperties) = preSolution
		HideSolutionNode = FALSE
	EndGlobalSection
	GlobalSection(ExtensibilityGlobals) = postSolution
		SolutionGuid = {6856CC1B-8A71-48CB-A56D-FEBE65A2F635}
	EndGlobalSection
EndGlobal
